
Microsoft Visual Studio Solution File, Format Version 12.00
# Visual Studio Version 16
VisualStudioVersion = 16.0.30517.126
MinimumVisualStudioVersion = 10.0.40219.1
Project("{FAE04EC0-301F-11D3-BF4B-00C04F79EFBC}") = "EFSOLL", "EFSOLL.csproj", "{6713E96A-49AC-4736-AF6E-3A292A6C7F67}"
EndProject
Project("{FAE04EC0-301F-11D3-BF4B-00C04F79EFBC}") = "005Task4", "005Task4\005Task4.csproj", "{5C8C229E-4471-4130-87B3-233E8185D32B}"
EndProject
Project("{FAE04EC0-301F-11D3-BF4B-00C04F79EFBC}") = "006Task2StartExpress", "006Task2StartExpress\006Task2StartExpress.csproj", "{9E78F817-092F-498E-B3A3-7B7F59B86125}"
EndProject
Project("{FAE04EC0-301F-11D3-BF4B-00C04F79EFBC}") = "007Task3StartExpress", "007Task3StartExpress\007Task3StartExpress.csproj", "{E2476856-3CF6-4E14-A0B7-D011160C50C4}"
EndProject
Project("{FAE04EC0-301F-11D3-BF4B-00C04F79EFBC}") = "008Task4StartExpress", "008Task4StartExpress\008Task4StartExpress.csproj", "{003109EB-5F2A-4694-A96C-417470BDE996}"
EndProject
Project("{FAE04EC0-301F-11D3-BF4B-00C04F79EFBC}") = "009Task2StartExpress", "009Task2StartExpress\009Task2StartExpress.csproj", "{8A7076A2-F7ED-489F-88FC-D11199F9B547}"
EndProject
Project("{FAE04EC0-301F-11D3-BF4B-00C04F79EFBC}") = "001TAsk2Basic", "..\001TAsk2Basic\001TAsk2Basic.csproj", "{D451B638-A0D2-4BB3-AC54-B3D3016E89C3}"
EndProject
Project("{FAE04EC0-301F-11D3-BF4B-00C04F79EFBC}") = "001Task3Basic", "..\001Task4Basic\001Task3Basic.csproj", "{287FDC33-A29F-485B-BAE3-AF1899E221EF}"
EndProject
Project("{FAE04EC0-301F-11D3-BF4B-00C04F79EFBC}") = "002Task3Basic", "..\002Task3Basic\002Task3Basic.csproj", "{C05C5C2E-EF16-4570-A671-C32FBCC1F641}"
EndProject
Project("{FAE04EC0-301F-11D3-BF4B-00C04F79EFBC}") = "003Task2Basic", "..\003Task2Basic\003Task2Basic.csproj", "{7B19EFFF-D940-4FD4-A46F-DDC3940B377D}"
EndProject
Project("{FAE04EC0-301F-11D3-BF4B-00C04F79EFBC}") = "004Task2Basic", "..\004Task2Basic\004Task2Basic.csproj", "{657C0E7D-1DB5-4D99-9A3E-C8E78791FE37}"
EndProject
Project("{FAE04EC0-301F-11D3-BF4B-00C04F79EFBC}") = "003Task4Basic", "..\003Task4Basic\003Task4Basic.csproj", "{4ADE85D5-BED2-4BF6-83B1-5DD66125272F}"
EndProject
Project("{FAE04EC0-301F-11D3-BF4B-00C04F79EFBC}") = "004Task3Basic", "..\004Task3Basic\004Task3Basic.csproj", "{864509D2-1FB6-4ECB-AB91-112ACA276319}"
EndProject
Project("{FAE04EC0-301F-11D3-BF4B-00C04F79EFBC}") = "005Task4Basic", "..\005Task4Basic\005Task4Basic.csproj", "{43AA781B-88BD-4E94-BE03-32D36A2D4F06}"
EndProject
Project("{FAE04EC0-301F-11D3-BF4B-00C04F79EFBC}") = "006Task2Basic", "..\006Task2Basic\006Task2Basic.csproj", "{2629370C-9586-4858-9773-C61066896A62}"
EndProject
Project("{FAE04EC0-301F-11D3-BF4B-00C04F79EFBC}") = "006Task3Basic", "..\006Task3Basic\006Task3Basic.csproj", "{8B6927BD-871E-4B86-AE31-16CC0BC540A7}"
EndProject
Global
	GlobalSection(SolutionConfigurationPlatforms) = preSolution
		Debug|Any CPU = Debug|Any CPU
		Release|Any CPU = Release|Any CPU
	EndGlobalSection
	GlobalSection(ProjectConfigurationPlatforms) = postSolution
		{6713E96A-49AC-4736-AF6E-3A292A6C7F67}.Debug|Any CPU.ActiveCfg = Debug|Any CPU
		{6713E96A-49AC-4736-AF6E-3A292A6C7F67}.Debug|Any CPU.Build.0 = Debug|Any CPU
		{6713E96A-49AC-4736-AF6E-3A292A6C7F67}.Release|Any CPU.ActiveCfg = Release|Any CPU
		{6713E96A-49AC-4736-AF6E-3A292A6C7F67}.Release|Any CPU.Build.0 = Release|Any CPU
		{5C8C229E-4471-4130-87B3-233E8185D32B}.Debug|Any CPU.ActiveCfg = Debug|Any CPU
		{5C8C229E-4471-4130-87B3-233E8185D32B}.Debug|Any CPU.Build.0 = Debug|Any CPU
		{5C8C229E-4471-4130-87B3-233E8185D32B}.Release|Any CPU.ActiveCfg = Release|Any CPU
		{5C8C229E-4471-4130-87B3-233E8185D32B}.Release|Any CPU.Build.0 = Release|Any CPU
		{9E78F817-092F-498E-B3A3-7B7F59B86125}.Debug|Any CPU.ActiveCfg = Debug|Any CPU
		{9E78F817-092F-498E-B3A3-7B7F59B86125}.Debug|Any CPU.Build.0 = Debug|Any CPU
		{9E78F817-092F-498E-B3A3-7B7F59B86125}.Release|Any CPU.ActiveCfg = Release|Any CPU
		{9E78F817-092F-498E-B3A3-7B7F59B86125}.Release|Any CPU.Build.0 = Release|Any CPU
		{E2476856-3CF6-4E14-A0B7-D011160C50C4}.Debug|Any CPU.ActiveCfg = Debug|Any CPU
		{E2476856-3CF6-4E14-A0B7-D011160C50C4}.Debug|Any CPU.Build.0 = Debug|Any CPU
		{E2476856-3CF6-4E14-A0B7-D011160C50C4}.Release|Any CPU.ActiveCfg = Release|Any CPU
		{E2476856-3CF6-4E14-A0B7-D011160C50C4}.Release|Any CPU.Build.0 = Release|Any CPU
		{003109EB-5F2A-4694-A96C-417470BDE996}.Debug|Any CPU.ActiveCfg = Debug|Any CPU
		{003109EB-5F2A-4694-A96C-417470BDE996}.Debug|Any CPU.Build.0 = Debug|Any CPU
		{003109EB-5F2A-4694-A96C-417470BDE996}.Release|Any CPU.ActiveCfg = Release|Any CPU
		{003109EB-5F2A-4694-A96C-417470BDE996}.Release|Any CPU.Build.0 = Release|Any CPU
		{8A7076A2-F7ED-489F-88FC-D11199F9B547}.Debug|Any CPU.ActiveCfg = Debug|Any CPU
		{8A7076A2-F7ED-489F-88FC-D11199F9B547}.Debug|Any CPU.Build.0 = Debug|Any CPU
		{8A7076A2-F7ED-489F-88FC-D11199F9B547}.Release|Any CPU.ActiveCfg = Release|Any CPU
		{8A7076A2-F7ED-489F-88FC-D11199F9B547}.Release|Any CPU.Build.0 = Release|Any CPU
		{D451B638-A0D2-4BB3-AC54-B3D3016E89C3}.Debug|Any CPU.ActiveCfg = Debug|Any CPU
		{D451B638-A0D2-4BB3-AC54-B3D3016E89C3}.Debug|Any CPU.Build.0 = Debug|Any CPU
		{D451B638-A0D2-4BB3-AC54-B3D3016E89C3}.Release|Any CPU.ActiveCfg = Release|Any CPU
		{D451B638-A0D2-4BB3-AC54-B3D3016E89C3}.Release|Any CPU.Build.0 = Release|Any CPU
		{287FDC33-A29F-485B-BAE3-AF1899E221EF}.Debug|Any CPU.ActiveCfg = Debug|Any CPU
		{287FDC33-A29F-485B-BAE3-AF1899E221EF}.Debug|Any CPU.Build.0 = Debug|Any CPU
		{287FDC33-A29F-485B-BAE3-AF1899E221EF}.Release|Any CPU.ActiveCfg = Release|Any CPU
		{287FDC33-A29F-485B-BAE3-AF1899E221EF}.Release|Any CPU.Build.0 = Release|Any CPU
		{C05C5C2E-EF16-4570-A671-C32FBCC1F641}.Debug|Any CPU.ActiveCfg = Debug|Any CPU
		{C05C5C2E-EF16-4570-A671-C32FBCC1F641}.Debug|Any CPU.Build.0 = Debug|Any CPU
		{C05C5C2E-EF16-4570-A671-C32FBCC1F641}.Release|Any CPU.ActiveCfg = Release|Any CPU
		{C05C5C2E-EF16-4570-A671-C32FBCC1F641}.Release|Any CPU.Build.0 = Release|Any CPU
		{7B19EFFF-D940-4FD4-A46F-DDC3940B377D}.Debug|Any CPU.ActiveCfg = Debug|Any CPU
		{7B19EFFF-D940-4FD4-A46F-DDC3940B377D}.Debug|Any CPU.Build.0 = Debug|Any CPU
		{7B19EFFF-D940-4FD4-A46F-DDC3940B377D}.Release|Any CPU.ActiveCfg = Release|Any CPU
		{7B19EFFF-D940-4FD4-A46F-DDC3940B377D}.Release|Any CPU.Build.0 = Release|Any CPU
		{657C0E7D-1DB5-4D99-9A3E-C8E78791FE37}.Debug|Any CPU.ActiveCfg = Debug|Any CPU
		{657C0E7D-1DB5-4D99-9A3E-C8E78791FE37}.Debug|Any CPU.Build.0 = Debug|Any CPU
		{657C0E7D-1DB5-4D99-9A3E-C8E78791FE37}.Release|Any CPU.ActiveCfg = Release|Any CPU
		{657C0E7D-1DB5-4D99-9A3E-C8E78791FE37}.Release|Any CPU.Build.0 = Release|Any CPU
		{4ADE85D5-BED2-4BF6-83B1-5DD66125272F}.Debug|Any CPU.ActiveCfg = Debug|Any CPU
		{4ADE85D5-BED2-4BF6-83B1-5DD66125272F}.Debug|Any CPU.Build.0 = Debug|Any CPU
		{4ADE85D5-BED2-4BF6-83B1-5DD66125272F}.Release|Any CPU.ActiveCfg = Release|Any CPU
		{4ADE85D5-BED2-4BF6-83B1-5DD66125272F}.Release|Any CPU.Build.0 = Release|Any CPU
		{864509D2-1FB6-4ECB-AB91-112ACA276319}.Debug|Any CPU.ActiveCfg = Debug|Any CPU
		{864509D2-1FB6-4ECB-AB91-112ACA276319}.Debug|Any CPU.Build.0 = Debug|Any CPU
		{864509D2-1FB6-4ECB-AB91-112ACA276319}.Release|Any CPU.ActiveCfg = Release|Any CPU
		{864509D2-1FB6-4ECB-AB91-112ACA276319}.Release|Any CPU.Build.0 = Release|Any CPU
		{43AA781B-88BD-4E94-BE03-32D36A2D4F06}.Debug|Any CPU.ActiveCfg = Debug|Any CPU
		{43AA781B-88BD-4E94-BE03-32D36A2D4F06}.Debug|Any CPU.Build.0 = Debug|Any CPU
		{43AA781B-88BD-4E94-BE03-32D36A2D4F06}.Release|Any CPU.ActiveCfg = Release|Any CPU
		{43AA781B-88BD-4E94-BE03-32D36A2D4F06}.Release|Any CPU.Build.0 = Release|Any CPU
		{2629370C-9586-4858-9773-C61066896A62}.Debug|Any CPU.ActiveCfg = Debug|Any CPU
		{2629370C-9586-4858-9773-C61066896A62}.Debug|Any CPU.Build.0 = Debug|Any CPU
		{2629370C-9586-4858-9773-C61066896A62}.Release|Any CPU.ActiveCfg = Release|Any CPU
		{2629370C-9586-4858-9773-C61066896A62}.Release|Any CPU.Build.0 = Release|Any CPU
		{8B6927BD-871E-4B86-AE31-16CC0BC540A7}.Debug|Any CPU.ActiveCfg = Debug|Any CPU
		{8B6927BD-871E-4B86-AE31-16CC0BC540A7}.Debug|Any CPU.Build.0 = Debug|Any CPU
		{8B6927BD-871E-4B86-AE31-16CC0BC540A7}.Release|Any CPU.ActiveCfg = Release|Any CPU
		{8B6927BD-871E-4B86-AE31-16CC0BC540A7}.Release|Any CPU.Build.0 = Release|Any CPU
	EndGlobalSection
	GlobalSection(SolutionProperties) = preSolution
		HideSolutionNode = FALSE
	EndGlobalSection
	GlobalSection(ExtensibilityGlobals) = postSolution
		SolutionGuid = {B829D317-44DF-4A18-B8A0-795E30D25190}
	EndGlobalSection
EndGlobal
