
Microsoft Visual Studio Solution File, Format Version 12.00
# Visual Studio Version 16
VisualStudioVersion = 16.0.30517.126
MinimumVisualStudioVersion = 10.0.40219.1
Project("{FAE04EC0-301F-11D3-BF4B-00C04F79EFBC}") = "EFSOLL", "EFSOLL.csproj", "{6713E96A-49AC-4736-AF6E-3A292A6C7F67}"
EndProject
Project("{9A19103F-16F7-4668-BE54-9A1E7A4F7556}") = "013Task1Basic", "013Task1Basic\013Task1Basic.csproj", "{A2D73FD7-02BD-4E25-B427-5622F888E408}"
EndProject
Project("{FAE04EC0-301F-11D3-BF4B-00C04F79EFBC}") = "011Task2Professional", "011Task2Professional\011Task2Professional.csproj", "{DC5742FA-CF81-41BA-8029-8D5D9A538171}"
EndProject
Project("{FAE04EC0-301F-11D3-BF4B-00C04F79EFBC}") = "012Task3Professional", "012Task3Professional\012Task3Professional.csproj", "{0424032C-1082-4839-B1F2-35CAC5191F5A}"
EndProject
Project("{FAE04EC0-301F-11D3-BF4B-00C04F79EFBC}") = "013TaskProfessional", "013TaskProfessional\013TaskProfessional.csproj", "{3EE804E7-CA18-490E-BD3A-FC96451BDA13}"
EndProject
Project("{FAE04EC0-301F-11D3-BF4B-00C04F79EFBC}") = "014Task2Professional", "014Task2Professional\014Task2Professional.csproj", "{AB0DEE1D-E08E-4F02-B8C3-1DC4FED3F642}"
EndProject
Project("{FAE04EC0-301F-11D3-BF4B-00C04F79EFBC}") = "015Task2Professional", "015Task2Professional\015Task2Professional.csproj", "{347160AF-5AC6-4BC4-B73D-9D6A296E690F}"
EndProject
Project("{FAE04EC0-301F-11D3-BF4B-00C04F79EFBC}") = "EF001", "EF001\EF001.csproj", "{8D691D6A-D397-46AC-A685-486A35BC7E23}"
EndProject
Project("{FAE04EC0-301F-11D3-BF4B-00C04F79EFBC}") = "EF002", "EF002\EF002.csproj", "{351F68EF-6B83-4B2E-BA4A-DAECC5227DAC}"
EndProject
Project("{FAE04EC0-301F-11D3-BF4B-00C04F79EFBC}") = "EF003", "EF003\EF003.csproj", "{E7F9A45D-C0B7-44CD-8F68-C55E059E2DDD}"
EndProject
Project("{FAE04EC0-301F-11D3-BF4B-00C04F79EFBC}") = "EF004", "EF004\EF004.csproj", "{DFF6E2D8-52BB-405B-BB58-BB723FDF800A}"
EndProject
Project("{FAE04EC0-301F-11D3-BF4B-00C04F79EFBC}") = "EF005", "EF005\EF005.csproj", "{1CE58423-806D-42F5-AF0D-8EABA6ECC14B}"
EndProject
Global
	GlobalSection(SolutionConfigurationPlatforms) = preSolution
		Debug|Any CPU = Debug|Any CPU
		Release|Any CPU = Release|Any CPU
	EndGlobalSection
	GlobalSection(ProjectConfigurationPlatforms) = postSolution
		{6713E96A-49AC-4736-AF6E-3A292A6C7F67}.Debug|Any CPU.ActiveCfg = Debug|Any CPU
		{6713E96A-49AC-4736-AF6E-3A292A6C7F67}.Debug|Any CPU.Build.0 = Debug|Any CPU
		{6713E96A-49AC-4736-AF6E-3A292A6C7F67}.Release|Any CPU.ActiveCfg = Release|Any CPU
		{6713E96A-49AC-4736-AF6E-3A292A6C7F67}.Release|Any CPU.Build.0 = Release|Any CPU
		{A2D73FD7-02BD-4E25-B427-5622F888E408}.Debug|Any CPU.ActiveCfg = Debug|Any CPU
		{A2D73FD7-02BD-4E25-B427-5622F888E408}.Debug|Any CPU.Build.0 = Debug|Any CPU
		{A2D73FD7-02BD-4E25-B427-5622F888E408}.Release|Any CPU.ActiveCfg = Release|Any CPU
		{A2D73FD7-02BD-4E25-B427-5622F888E408}.Release|Any CPU.Build.0 = Release|Any CPU
		{DC5742FA-CF81-41BA-8029-8D5D9A538171}.Debug|Any CPU.ActiveCfg = Debug|Any CPU
		{DC5742FA-CF81-41BA-8029-8D5D9A538171}.Debug|Any CPU.Build.0 = Debug|Any CPU
		{DC5742FA-CF81-41BA-8029-8D5D9A538171}.Release|Any CPU.ActiveCfg = Release|Any CPU
		{DC5742FA-CF81-41BA-8029-8D5D9A538171}.Release|Any CPU.Build.0 = Release|Any CPU
		{0424032C-1082-4839-B1F2-35CAC5191F5A}.Debug|Any CPU.ActiveCfg = Debug|Any CPU
		{0424032C-1082-4839-B1F2-35CAC5191F5A}.Debug|Any CPU.Build.0 = Debug|Any CPU
		{0424032C-1082-4839-B1F2-35CAC5191F5A}.Release|Any CPU.ActiveCfg = Release|Any CPU
		{0424032C-1082-4839-B1F2-35CAC5191F5A}.Release|Any CPU.Build.0 = Release|Any CPU
		{3EE804E7-CA18-490E-BD3A-FC96451BDA13}.Debug|Any CPU.ActiveCfg = Debug|Any CPU
		{3EE804E7-CA18-490E-BD3A-FC96451BDA13}.Debug|Any CPU.Build.0 = Debug|Any CPU
		{3EE804E7-CA18-490E-BD3A-FC96451BDA13}.Release|Any CPU.ActiveCfg = Release|Any CPU
		{3EE804E7-CA18-490E-BD3A-FC96451BDA13}.Release|Any CPU.Build.0 = Release|Any CPU
		{AB0DEE1D-E08E-4F02-B8C3-1DC4FED3F642}.Debug|Any CPU.ActiveCfg = Debug|Any CPU
		{AB0DEE1D-E08E-4F02-B8C3-1DC4FED3F642}.Debug|Any CPU.Build.0 = Debug|Any CPU
		{AB0DEE1D-E08E-4F02-B8C3-1DC4FED3F642}.Release|Any CPU.ActiveCfg = Release|Any CPU
		{AB0DEE1D-E08E-4F02-B8C3-1DC4FED3F642}.Release|Any CPU.Build.0 = Release|Any CPU
		{347160AF-5AC6-4BC4-B73D-9D6A296E690F}.Debug|Any CPU.ActiveCfg = Debug|Any CPU
		{347160AF-5AC6-4BC4-B73D-9D6A296E690F}.Debug|Any CPU.Build.0 = Debug|Any CPU
		{347160AF-5AC6-4BC4-B73D-9D6A296E690F}.Release|Any CPU.ActiveCfg = Release|Any CPU
		{347160AF-5AC6-4BC4-B73D-9D6A296E690F}.Release|Any CPU.Build.0 = Release|Any CPU
		{8D691D6A-D397-46AC-A685-486A35BC7E23}.Debug|Any CPU.ActiveCfg = Debug|Any CPU
		{8D691D6A-D397-46AC-A685-486A35BC7E23}.Debug|Any CPU.Build.0 = Debug|Any CPU
		{8D691D6A-D397-46AC-A685-486A35BC7E23}.Release|Any CPU.ActiveCfg = Release|Any CPU
		{8D691D6A-D397-46AC-A685-486A35BC7E23}.Release|Any CPU.Build.0 = Release|Any CPU
		{351F68EF-6B83-4B2E-BA4A-DAECC5227DAC}.Debug|Any CPU.ActiveCfg = Debug|Any CPU
		{351F68EF-6B83-4B2E-BA4A-DAECC5227DAC}.Debug|Any CPU.Build.0 = Debug|Any CPU
		{351F68EF-6B83-4B2E-BA4A-DAECC5227DAC}.Release|Any CPU.ActiveCfg = Release|Any CPU
		{351F68EF-6B83-4B2E-BA4A-DAECC5227DAC}.Release|Any CPU.Build.0 = Release|Any CPU
		{E7F9A45D-C0B7-44CD-8F68-C55E059E2DDD}.Debug|Any CPU.ActiveCfg = Debug|Any CPU
		{E7F9A45D-C0B7-44CD-8F68-C55E059E2DDD}.Debug|Any CPU.Build.0 = Debug|Any CPU
		{E7F9A45D-C0B7-44CD-8F68-C55E059E2DDD}.Release|Any CPU.ActiveCfg = Release|Any CPU
		{E7F9A45D-C0B7-44CD-8F68-C55E059E2DDD}.Release|Any CPU.Build.0 = Release|Any CPU
		{DFF6E2D8-52BB-405B-BB58-BB723FDF800A}.Debug|Any CPU.ActiveCfg = Debug|Any CPU
		{DFF6E2D8-52BB-405B-BB58-BB723FDF800A}.Debug|Any CPU.Build.0 = Debug|Any CPU
		{DFF6E2D8-52BB-405B-BB58-BB723FDF800A}.Release|Any CPU.ActiveCfg = Release|Any CPU
		{DFF6E2D8-52BB-405B-BB58-BB723FDF800A}.Release|Any CPU.Build.0 = Release|Any CPU
		{1CE58423-806D-42F5-AF0D-8EABA6ECC14B}.Debug|Any CPU.ActiveCfg = Debug|Any CPU
		{1CE58423-806D-42F5-AF0D-8EABA6ECC14B}.Debug|Any CPU.Build.0 = Debug|Any CPU
		{1CE58423-806D-42F5-AF0D-8EABA6ECC14B}.Release|Any CPU.ActiveCfg = Release|Any CPU
		{1CE58423-806D-42F5-AF0D-8EABA6ECC14B}.Release|Any CPU.Build.0 = Release|Any CPU
	EndGlobalSection
	GlobalSection(SolutionProperties) = preSolution
		HideSolutionNode = FALSE
	EndGlobalSection
	GlobalSection(ExtensibilityGlobals) = postSolution
		SolutionGuid = {B829D317-44DF-4A18-B8A0-795E30D25190}
	EndGlobalSection
EndGlobal
