
Microsoft Visual Studio Solution File, Format Version 12.00
# Visual Studio Version 16
VisualStudioVersion = 16.0.30517.126
MinimumVisualStudioVersion = 10.0.40219.1
Project("{FAE04EC0-301F-11D3-BF4B-00C04F79EFBC}") = "EFSOLL", "EFSOLL.csproj", "{6713E96A-49AC-4736-AF6E-3A292A6C7F67}"
EndProject
Project("{FAE04EC0-301F-11D3-BF4B-00C04F79EFBC}") = "012Task4Basic", "..\012Task4Basic\012Task4Basic.csproj", "{FF9DC347-9525-4512-97E2-9F5CF94319D4}"
EndProject
Project("{FAE04EC0-301F-11D3-BF4B-00C04F79EFBC}") = "010Task2Basic", "010Task2Basic\010Task2Basic.csproj", "{E36DA34B-8750-4B23-B53F-EE087FE250A6}"
EndProject
Project("{9A19103F-16F7-4668-BE54-9A1E7A4F7556}") = "010Task3Basic", "..\010Task3Basic\010Task3Basic.csproj", "{9B46DF71-213C-4BE8-8F6F-5E8E5D0B1349}"
EndProject
Project("{9A19103F-16F7-4668-BE54-9A1E7A4F7556}") = "014Task2Basic", "..\014Task2Basic\014Task2Basic.csproj", "{92E95B6C-619F-4AA4-A2A8-4301B7724F33}"
EndProject
Project("{9A19103F-16F7-4668-BE54-9A1E7A4F7556}") = "016Task2Basic", "..\016Task2Basic\016Task2Basic.csproj", "{0AFE6A64-2896-41D6-BA15-C02FE8ECF54D}"
EndProject
Project("{9A19103F-16F7-4668-BE54-9A1E7A4F7556}") = "016Task4Basic", "..\016Task4Basic\016Task4Basic.csproj", "{3210D887-5B15-44C4-BBB9-8228198C0463}"
EndProject
Project("{9A19103F-16F7-4668-BE54-9A1E7A4F7556}") = "013Task1Basic", "013Task1Basic\013Task1Basic.csproj", "{A2D73FD7-02BD-4E25-B427-5622F888E408}"
EndProject
Project("{9A19103F-16F7-4668-BE54-9A1E7A4F7556}") = "015TaskBasic", "015TaskBasic\015TaskBasic.csproj", "{F560F7CD-2308-4149-81FA-53A562B87F48}"
EndProject
Project("{9A19103F-16F7-4668-BE54-9A1E7A4F7556}") = "017Task2Basic", "017Task2Basic\017Task2Basic.csproj", "{24D2A062-FB51-4B63-8470-DF1D1A080A6C}"
EndProject
Project("{9A19103F-16F7-4668-BE54-9A1E7A4F7556}") = "001Task3Professional", "..\001Task3Professional\001Task3Professional.csproj", "{8CF9172A-FCCA-4350-A91B-B1A6FA5B6679}"
EndProject
Project("{9A19103F-16F7-4668-BE54-9A1E7A4F7556}") = "003Task1Professional", "..\003Task1Professional\003Task1Professional.csproj", "{93A4D35A-B025-46C0-9798-C72F59D5E4C4}"
EndProject
Project("{FAE04EC0-301F-11D3-BF4B-00C04F79EFBC}") = "003Task3Professional", "..\003Task3Professional\003Task3Professional.csproj", "{540F8606-C74F-4EFD-A97F-7611671B5886}"
EndProject
Project("{FAE04EC0-301F-11D3-BF4B-00C04F79EFBC}") = "012Task3Basic", "012Task3Basic\012Task3Basic.csproj", "{4C7547D0-A3B3-49FA-921E-726B4BF53405}"
EndProject
Global
	GlobalSection(SolutionConfigurationPlatforms) = preSolution
		Debug|Any CPU = Debug|Any CPU
		Release|Any CPU = Release|Any CPU
	EndGlobalSection
	GlobalSection(ProjectConfigurationPlatforms) = postSolution
		{6713E96A-49AC-4736-AF6E-3A292A6C7F67}.Debug|Any CPU.ActiveCfg = Debug|Any CPU
		{6713E96A-49AC-4736-AF6E-3A292A6C7F67}.Debug|Any CPU.Build.0 = Debug|Any CPU
		{6713E96A-49AC-4736-AF6E-3A292A6C7F67}.Release|Any CPU.ActiveCfg = Release|Any CPU
		{6713E96A-49AC-4736-AF6E-3A292A6C7F67}.Release|Any CPU.Build.0 = Release|Any CPU
		{FF9DC347-9525-4512-97E2-9F5CF94319D4}.Debug|Any CPU.ActiveCfg = Debug|Any CPU
		{FF9DC347-9525-4512-97E2-9F5CF94319D4}.Debug|Any CPU.Build.0 = Debug|Any CPU
		{FF9DC347-9525-4512-97E2-9F5CF94319D4}.Release|Any CPU.ActiveCfg = Release|Any CPU
		{FF9DC347-9525-4512-97E2-9F5CF94319D4}.Release|Any CPU.Build.0 = Release|Any CPU
		{E36DA34B-8750-4B23-B53F-EE087FE250A6}.Debug|Any CPU.ActiveCfg = Debug|Any CPU
		{E36DA34B-8750-4B23-B53F-EE087FE250A6}.Debug|Any CPU.Build.0 = Debug|Any CPU
		{E36DA34B-8750-4B23-B53F-EE087FE250A6}.Release|Any CPU.ActiveCfg = Release|Any CPU
		{E36DA34B-8750-4B23-B53F-EE087FE250A6}.Release|Any CPU.Build.0 = Release|Any CPU
		{9B46DF71-213C-4BE8-8F6F-5E8E5D0B1349}.Debug|Any CPU.ActiveCfg = Debug|Any CPU
		{9B46DF71-213C-4BE8-8F6F-5E8E5D0B1349}.Debug|Any CPU.Build.0 = Debug|Any CPU
		{9B46DF71-213C-4BE8-8F6F-5E8E5D0B1349}.Release|Any CPU.ActiveCfg = Release|Any CPU
		{9B46DF71-213C-4BE8-8F6F-5E8E5D0B1349}.Release|Any CPU.Build.0 = Release|Any CPU
		{92E95B6C-619F-4AA4-A2A8-4301B7724F33}.Debug|Any CPU.ActiveCfg = Debug|Any CPU
		{92E95B6C-619F-4AA4-A2A8-4301B7724F33}.Debug|Any CPU.Build.0 = Debug|Any CPU
		{92E95B6C-619F-4AA4-A2A8-4301B7724F33}.Release|Any CPU.ActiveCfg = Release|Any CPU
		{92E95B6C-619F-4AA4-A2A8-4301B7724F33}.Release|Any CPU.Build.0 = Release|Any CPU
		{0AFE6A64-2896-41D6-BA15-C02FE8ECF54D}.Debug|Any CPU.ActiveCfg = Debug|Any CPU
		{0AFE6A64-2896-41D6-BA15-C02FE8ECF54D}.Debug|Any CPU.Build.0 = Debug|Any CPU
		{0AFE6A64-2896-41D6-BA15-C02FE8ECF54D}.Release|Any CPU.ActiveCfg = Release|Any CPU
		{0AFE6A64-2896-41D6-BA15-C02FE8ECF54D}.Release|Any CPU.Build.0 = Release|Any CPU
		{3210D887-5B15-44C4-BBB9-8228198C0463}.Debug|Any CPU.ActiveCfg = Debug|Any CPU
		{3210D887-5B15-44C4-BBB9-8228198C0463}.Debug|Any CPU.Build.0 = Debug|Any CPU
		{3210D887-5B15-44C4-BBB9-8228198C0463}.Release|Any CPU.ActiveCfg = Release|Any CPU
		{3210D887-5B15-44C4-BBB9-8228198C0463}.Release|Any CPU.Build.0 = Release|Any CPU
		{A2D73FD7-02BD-4E25-B427-5622F888E408}.Debug|Any CPU.ActiveCfg = Debug|Any CPU
		{A2D73FD7-02BD-4E25-B427-5622F888E408}.Debug|Any CPU.Build.0 = Debug|Any CPU
		{A2D73FD7-02BD-4E25-B427-5622F888E408}.Release|Any CPU.ActiveCfg = Release|Any CPU
		{A2D73FD7-02BD-4E25-B427-5622F888E408}.Release|Any CPU.Build.0 = Release|Any CPU
		{F560F7CD-2308-4149-81FA-53A562B87F48}.Debug|Any CPU.ActiveCfg = Debug|Any CPU
		{F560F7CD-2308-4149-81FA-53A562B87F48}.Debug|Any CPU.Build.0 = Debug|Any CPU
		{F560F7CD-2308-4149-81FA-53A562B87F48}.Release|Any CPU.ActiveCfg = Release|Any CPU
		{F560F7CD-2308-4149-81FA-53A562B87F48}.Release|Any CPU.Build.0 = Release|Any CPU
		{24D2A062-FB51-4B63-8470-DF1D1A080A6C}.Debug|Any CPU.ActiveCfg = Debug|Any CPU
		{24D2A062-FB51-4B63-8470-DF1D1A080A6C}.Debug|Any CPU.Build.0 = Debug|Any CPU
		{24D2A062-FB51-4B63-8470-DF1D1A080A6C}.Release|Any CPU.ActiveCfg = Release|Any CPU
		{24D2A062-FB51-4B63-8470-DF1D1A080A6C}.Release|Any CPU.Build.0 = Release|Any CPU
		{8CF9172A-FCCA-4350-A91B-B1A6FA5B6679}.Debug|Any CPU.ActiveCfg = Debug|Any CPU
		{8CF9172A-FCCA-4350-A91B-B1A6FA5B6679}.Debug|Any CPU.Build.0 = Debug|Any CPU
		{8CF9172A-FCCA-4350-A91B-B1A6FA5B6679}.Release|Any CPU.ActiveCfg = Release|Any CPU
		{8CF9172A-FCCA-4350-A91B-B1A6FA5B6679}.Release|Any CPU.Build.0 = Release|Any CPU
		{93A4D35A-B025-46C0-9798-C72F59D5E4C4}.Debug|Any CPU.ActiveCfg = Debug|Any CPU
		{93A4D35A-B025-46C0-9798-C72F59D5E4C4}.Debug|Any CPU.Build.0 = Debug|Any CPU
		{93A4D35A-B025-46C0-9798-C72F59D5E4C4}.Release|Any CPU.ActiveCfg = Release|Any CPU
		{93A4D35A-B025-46C0-9798-C72F59D5E4C4}.Release|Any CPU.Build.0 = Release|Any CPU
		{540F8606-C74F-4EFD-A97F-7611671B5886}.Debug|Any CPU.ActiveCfg = Debug|Any CPU
		{540F8606-C74F-4EFD-A97F-7611671B5886}.Debug|Any CPU.Build.0 = Debug|Any CPU
		{540F8606-C74F-4EFD-A97F-7611671B5886}.Release|Any CPU.ActiveCfg = Release|Any CPU
		{540F8606-C74F-4EFD-A97F-7611671B5886}.Release|Any CPU.Build.0 = Release|Any CPU
		{4C7547D0-A3B3-49FA-921E-726B4BF53405}.Debug|Any CPU.ActiveCfg = Debug|Any CPU
		{4C7547D0-A3B3-49FA-921E-726B4BF53405}.Debug|Any CPU.Build.0 = Debug|Any CPU
		{4C7547D0-A3B3-49FA-921E-726B4BF53405}.Release|Any CPU.ActiveCfg = Release|Any CPU
		{4C7547D0-A3B3-49FA-921E-726B4BF53405}.Release|Any CPU.Build.0 = Release|Any CPU
	EndGlobalSection
	GlobalSection(SolutionProperties) = preSolution
		HideSolutionNode = FALSE
	EndGlobalSection
	GlobalSection(ExtensibilityGlobals) = postSolution
		SolutionGuid = {B829D317-44DF-4A18-B8A0-795E30D25190}
	EndGlobalSection
EndGlobal
